<Solution>
  <Project Path="src/TGK.Terminal/TGK.Terminal.csproj" />
  <Project Path="src/TGK.Core/TGK.Core.csproj" />
  <Project Path="src/TGK.Client/TGK.Client.csproj" />
  <Project Path="src/TGK.Protocol/TGK.Protocol.csproj" />
  <Project Path="src/TGK.Server/TGK.Server.csproj" />
  <Project Path="tests/TGK.Terminal.Tests/TGK.Terminal.Tests.csproj" />
  <Project Path="tests/TGK.Core.Tests/TGK.Core.Tests.csproj" />
  <Project Path="tests/TGK.Protocol.Tests/TGK.Protocol.Tests.csproj" />
  <Project Path="tests/TGK.Server.Tests/TGK.Server.Tests.csproj" />
</Solution>
